
Microsoft Visual Studio Solution File, Format Version 12.00
# Visual Studio 15
VisualStudioVersion = 15.0.28010.2050
MinimumVisualStudioVersion = 10.0.40219.1
Project("{9A19103F-16F7-4668-BE54-9A1E7A4F7556}") = "SchoolDiary.Web", "program\SchoolDiary.Web.csproj", "{E6F30573-FA79-45EE-9809-445E4F053A4B}"
EndProject
Project("{9A19103F-16F7-4668-BE54-9A1E7A4F7556}") = "SchoolDiary.Data", "SchoolDiary.Data\SchoolDiary.Data.csproj", "{D6FBD980-528F-481C-96B4-B534CF85576C}"
EndProject
Project("{9A19103F-16F7-4668-BE54-9A1E7A4F7556}") = "SchoolDiary.Models", "SchoolDiary.Models\SchoolDiary.Models.csproj", "{120D212C-D1EF-465A-B419-F00EEF7B8804}"
EndProject
Project("{9A19103F-16F7-4668-BE54-9A1E7A4F7556}") = "SchoolDiary.Mapping", "SchoolDiary.Mapping\SchoolDiary.Mapping.csproj", "{49035D54-F988-4BB3-9F93-1CE2898EAE8B}"
EndProject
Project("{9A19103F-16F7-4668-BE54-9A1E7A4F7556}") = "SchoolDiary.Services", "SchoolDiary.Services\SchoolDiary.Services.csproj", "{CF0B452F-0856-46A7-9011-D9E1CFDF5BA3}"
EndProject
Global
	GlobalSection(SolutionConfigurationPlatforms) = preSolution
		Debug|Any CPU = Debug|Any CPU
		Release|Any CPU = Release|Any CPU
	EndGlobalSection
	GlobalSection(ProjectConfigurationPlatforms) = postSolution
		{E6F30573-FA79-45EE-9809-445E4F053A4B}.Debug|Any CPU.ActiveCfg = Debug|Any CPU
		{E6F30573-FA79-45EE-9809-445E4F053A4B}.Debug|Any CPU.Build.0 = Debug|Any CPU
		{E6F30573-FA79-45EE-9809-445E4F053A4B}.Release|Any CPU.ActiveCfg = Release|Any CPU
		{E6F30573-FA79-45EE-9809-445E4F053A4B}.Release|Any CPU.Build.0 = Release|Any CPU
		{D6FBD980-528F-481C-96B4-B534CF85576C}.Debug|Any CPU.ActiveCfg = Debug|Any CPU
		{D6FBD980-528F-481C-96B4-B534CF85576C}.Debug|Any CPU.Build.0 = Debug|Any CPU
		{D6FBD980-528F-481C-96B4-B534CF85576C}.Release|Any CPU.ActiveCfg = Release|Any CPU
		{D6FBD980-528F-481C-96B4-B534CF85576C}.Release|Any CPU.Build.0 = Release|Any CPU
		{120D212C-D1EF-465A-B419-F00EEF7B8804}.Debug|Any CPU.ActiveCfg = Debug|Any CPU
		{120D212C-D1EF-465A-B419-F00EEF7B8804}.Debug|Any CPU.Build.0 = Debug|Any CPU
		{120D212C-D1EF-465A-B419-F00EEF7B8804}.Release|Any CPU.ActiveCfg = Release|Any CPU
		{120D212C-D1EF-465A-B419-F00EEF7B8804}.Release|Any CPU.Build.0 = Release|Any CPU
		{49035D54-F988-4BB3-9F93-1CE2898EAE8B}.Debug|Any CPU.ActiveCfg = Debug|Any CPU
		{49035D54-F988-4BB3-9F93-1CE2898EAE8B}.Debug|Any CPU.Build.0 = Debug|Any CPU
		{49035D54-F988-4BB3-9F93-1CE2898EAE8B}.Release|Any CPU.ActiveCfg = Release|Any CPU
		{49035D54-F988-4BB3-9F93-1CE2898EAE8B}.Release|Any CPU.Build.0 = Release|Any CPU
		{CF0B452F-0856-46A7-9011-D9E1CFDF5BA3}.Debug|Any CPU.ActiveCfg = Debug|Any CPU
		{CF0B452F-0856-46A7-9011-D9E1CFDF5BA3}.Debug|Any CPU.Build.0 = Debug|Any CPU
		{CF0B452F-0856-46A7-9011-D9E1CFDF5BA3}.Release|Any CPU.ActiveCfg = Release|Any CPU
		{CF0B452F-0856-46A7-9011-D9E1CFDF5BA3}.Release|Any CPU.Build.0 = Release|Any CPU
	EndGlobalSection
	GlobalSection(SolutionProperties) = preSolution
		HideSolutionNode = FALSE
	EndGlobalSection
	GlobalSection(ExtensibilityGlobals) = postSolution
		SolutionGuid = {E19E2B51-058E-4E9D-B241-58CA05C6A6F5}
	EndGlobalSection
EndGlobal
